{
  "pins" : [
    {
      "identity" : "alamofire",
      "kind" : "remoteSourceControl",
      "location" : "https://github.com/Alamofire/Alamofire",
      "state" : {
        "revision" : "723fa5a6c65812aec4a0d7cc432ee198883b6e00",
        "version" : "5.9.0"
      }
    },
    {
      "identity" : "reachability.swift",
      "kind" : "remoteSourceControl",
      "location" : "https://github.com/ashleymills/Reachability.swift.git",
      "state" : {
        "branch" : "master",
        "revision" : "7b7018a69c84ea94ac2a38dff626e16ea81d1db9"
      }
    },
    {
      "identity" : "realm-core",
      "kind" : "remoteSourceControl",
      "location" : "https://github.com/realm/realm-core.git",
      "state" : {
        "revision" : "a5e87a39cffdcc591f3203c11cfca68100d0b9a6",
        "version" : "13.26.0"
      }
    },
    {
      "identity" : "realm-swift?tab=readme-ov-file",
      "kind" : "remoteSourceControl",
      "location" : "https://github.com/realm/realm-swift?tab=readme-ov-file",
      "state" : {
        "branch" : "master",
        "revision" : "33a1eee6ebe4f6a3475c78e8900b7c41c1d74296"
      }
    }
  ],
  "version" : 2
}
